{
  "name": "g2",
  "version": "1.0.0",
  "lockfileVersion": 1,
  "requires": true,
  "dependencies": {
    "parcel-plugin-clean-dist": {
      "version": "0.0.6",
      "resolved": "https://registry.npmjs.org/parcel-plugin-clean-dist/-/parcel-plugin-clean-dist-0.0.6.tgz",
      "integrity": "sha512-zzPY/ORCzkV+V7nfyYlONLrBithrx6orJjepdBoqqb9myeV9zQZUoBY41i3QkSSnQX7ilGmWDALX2XlxC6z7Fw==",
      "dev": true
    }
  }
}
